
Microsoft Visual Studio Solution File, Format Version 12.00
# Visual Studio Version 17
VisualStudioVersion = 17.13.35931.197 d17.13
MinimumVisualStudioVersion = 10.0.40219.1
Project("{FAE04EC0-301F-11D3-BF4B-00C04F79EFBC}") = "StockManagement", "StockManagement\StockManagement.csproj", "{C0D920E5-1551-48D9-8944-900B650CBD85}"
EndProject
Global
	GlobalSection(SolutionConfigurationPlatforms) = preSolution
		Debug|Any CPU = Debug|Any CPU
		Release|Any CPU = Release|Any CPU
	EndGlobalSection
	GlobalSection(ProjectConfigurationPlatforms) = postSolution
		{C0D920E5-1551-48D9-8944-900B650CBD85}.Debug|Any CPU.ActiveCfg = Debug|Any CPU
		{C0D920E5-1551-48D9-8944-900B650CBD85}.Debug|Any CPU.Build.0 = Debug|Any CPU
		{C0D920E5-1551-48D9-8944-900B650CBD85}.Release|Any CPU.ActiveCfg = Release|Any CPU
		{C0D920E5-1551-48D9-8944-900B650CBD85}.Release|Any CPU.Build.0 = Release|Any CPU
	EndGlobalSection
	GlobalSection(SolutionProperties) = preSolution
		HideSolutionNode = FALSE
	EndGlobalSection
	GlobalSection(ExtensibilityGlobals) = postSolution
		SolutionGuid = {4794FAD8-109F-4AC2-9C80-2FABA44C13B3}
	EndGlobalSection
EndGlobal
